// !$*UTF8*$!
{
	archiveVersion = 1;
	classes = {
	};
	objectVersion = 46;
	objects = {

/* Begin PBXBuildFile section */
		26AF94791D6C209F0033DCBB /* main.m in Sources */ = {isa = PBXBuildFile; fileRef = 26AF94781D6C209F0033DCBB /* main.m */; };
		26AF947C1D6C209F0033DCBB /* AppDelegate.m in Sources */ = {isa = PBXBuildFile; fileRef = 26AF947B1D6C209F0033DCBB /* AppDelegate.m */; };
		26AF947F1D6C209F0033DCBB /* ViewController.m in Sources */ = {isa = PBXBuildFile; fileRef = 26AF947E1D6C209F0033DCBB /* ViewController.m */; };
		26AF94821D6C209F0033DCBB /* Main.storyboard in Resources */ = {isa = PBXBuildFile; fileRef = 26AF94801D6C209F0033DCBB /* Main.storyboard */; };
		26AF94841D6C209F0033DCBB /* Assets.xcassets in Resources */ = {isa = PBXBuildFile; fileRef = 26AF94831D6C209F0033DCBB /* Assets.xcassets */; };
		26AF94871D6C209F0033DCBB /* LaunchScreen.storyboard in Resources */ = {isa = PBXBuildFile; fileRef = 26AF94851D6C209F0033DCBB /* LaunchScreen.storyboard */; };
		26AF94901D6C33B20033DCBB /* TestJSObject.m in Sources */ = {isa = PBXBuildFile; fileRef = 26AF948F1D6C33B20033DCBB /* TestJSObject.m */; };
/* End PBXBuildFile section */

/* Begin PBXFileReference section */
		26AF94741D6C209F0033DCBB /* JS-OC-About.app */ = {isa = PBXFileReference; explicitFileType = wrapper.application; includeInIndex = 0; path = "JS-OC-About.app"; sourceTree = BUILT_PRODUCTS_DIR; };
		26AF94781D6C209F0033DCBB /* main.m */ = {isa = PBXFileReference; lastKnownFileType = sourcecode.c.objc; path = main.m; sourceTree = "<group>"; };
		26AF947A1D6C209F0033DCBB /* AppDelegate.h */ = {isa = PBXFileReference; lastKnownFileType = sourcecode.c.h; path = AppDelegate.h; sourceTree = "<group>"; };
		26AF947B1D6C209F0033DCBB /* AppDelegate.m */ = {isa = PBXFileReference; lastKnownFileType = sourcecode.c.objc; path = AppDelegate.m; sourceTree = "<group>"; };
		26AF947D1D6C209F0033DCBB /* ViewController.h */ = {isa = PBXFileReference; lastKnownFileType = sourcecode.c.h; path = ViewController.h; sourceTree = "<group>"; };
		26AF947E1D6C209F0033DCBB /* ViewController.m */ = {isa = PBXFileReference; lastKnownFileType = sourcecode.c.objc; path = ViewController.m; sourceTree = "<group>"; };
		26AF94811D6C209F0033DCBB /* Base */ = {isa = PBXFileReference; lastKnownFileType = file.storyboard; name = Base; path = Base.lproj/Main.storyboard; sourceTree = "<group>"; };
		26AF94831D6C209F0033DCBB /* Assets.xcassets */ = {isa = PBXFileReference; lastKnownFileType = folder.assetcatalog; path = Assets.xcassets; sourceTree = "<group>"; };
		26AF94861D6C209F0033DCBB /* Base */ = {isa = PBXFileReference; lastKnownFileType = file.storyboard; name = Base; path = Base.lproj/LaunchScreen.storyboard; sourceTree = "<group>"; };
		26AF94881D6C209F0033DCBB /* Info.plist */ = {isa = PBXFileReference; lastKnownFileType = text.plist.xml; path = Info.plist; sourceTree = "<group>"; };
		26AF948E1D6C33B20033DCBB /* TestJSObject.h */ = {isa = PBXFileReference; fileEncoding = 4; lastKnownFileType = sourcecode.c.h; path = TestJSObject.h; sourceTree = "<group>"; };
		26AF948F1D6C33B20033DCBB /* TestJSObject.m */ = {isa = PBXFileReference; fileEncoding = 4; lastKnownFileType = sourcecode.c.objc; path = TestJSObject.m; sourceTree = "<group>"; };
/* End PBXFileReference section */

/* Begin PBXFrameworksBuildPhase section */
		26AF94711D6C209F0033DCBB /* Frameworks */ = {
			isa = PBXFrameworksBuildPhase;
			buildActionMask = 2147483647;
			files = (
			);
			runOnlyForDeploymentPostprocessing = 0;
		};
/* End PBXFrameworksBuildPhase section */

/* Begin PBXGroup section */
		26AF946B1D6C209F0033DCBB = {
			isa = PBXGroup;
			children = (
				26AF94761D6C209F0033DCBB /* JS-OC-About */,
				26AF94751D6C209F0033DCBB /* Products */,
			);
			sourceTree = "<group>";
		};
		26AF94751D6C209F0033DCBB /* Products */ = {
			isa = PBXGroup;
			children = (
				26AF94741D6C209F0033DCBB /* JS-OC-About.app */,
			);
			name = Products;
			sourceTree = "<group>";
		};
		26AF94761D6C209F0033DCBB /* JS-OC-About */ = {
			isa = PBXGroup;
			children = (
				26AF947A1D6C209F0033DCBB /* AppDelegate.h */,
				26AF947B1D6C209F0033DCBB /* AppDelegate.m */,
				26AF947D1D6C209F0033DCBB /* ViewController.h */,
				26AF947E1D6C209F0033DCBB /* ViewController.m */,
				26AF94801D6C209F0033DCBB /* Main.storyboard */,
				26AF94831D6C209F0033DCBB /* Assets.xcassets */,
				26AF94851D6C209F0033DCBB /* LaunchScreen.storyboard */,
				26AF94881D6C209F0033DCBB /* Info.plist */,
				26AF94771D6C209F0033DCBB /* Supporting Files */,
				26AF948E1D6C33B20033DCBB /* TestJSObject.h */,
				26AF948F1D6C33B20033DCBB /* TestJSObject.m */,
			);
			path = "JS-OC-About";
			sourceTree = "<group>";
		};
		26AF94771D6C209F0033DCBB /* Supporting Files */ = {
			isa = PBXGroup;
			children = (
				26AF94781D6C209F0033DCBB /* main.m */,
			);
			name = "Supporting Files";
			sourceTree = "<group>";
		};
/* End PBXGroup section */

/* Begin PBXNativeTarget section */
		26AF94731D6C209F0033DCBB /* JS-OC-About */ = {
			isa = PBXNativeTarget;
			buildConfigurationList = 26AF948B1D6C209F0033DCBB /* Build configuration list for PBXNativeTarget "JS-OC-About" */;
			buildPhases = (
				26AF94701D6C209F0033DCBB /* Sources */,
				26AF94711D6C209F0033DCBB /* Frameworks */,
				26AF94721D6C209F0033DCBB /* Resources */,
			);
			buildRules = (
			);
			dependencies = (
			);
			name = "JS-OC-About";
			productName = "JS-OC-About";
			productReference = 26AF94741D6C209F0033DCBB /* JS-OC-About.app */;
			productType = "com.apple.product-type.application";
		};
/* End PBXNativeTarget section */

/* Begin PBXProject section */
		26AF946C1D6C209F0033DCBB /* Project object */ = {
			isa = PBXProject;
			attributes = {
				LastUpgradeCheck = 0720;
				ORGANIZATIONNAME = chenzhongsong;
				TargetAttributes = {
					26AF94731D6C209F0033DCBB = {
						CreatedOnToolsVersion = 7.2.1;
					};
				};
			};
			buildConfigurationList = 26AF946F1D6C209F0033DCBB /* Build configuration list for PBXProject "JS-OC-About" */;
			compatibilityVersion = "Xcode 3.2";
			developmentRegion = English;
			hasScannedForEncodings = 0;
			knownRegions = (
				en,
				Base,
			);
			mainGroup = 26AF946B1D6C209F0033DCBB;
			productRefGroup = 26AF94751D6C209F0033DCBB /* Products */;
			projectDirPath = "";
			projectRoot = "";
			targets = (
				26AF94731D6C209F0033DCBB /* JS-OC-About */,
			);
		};
/* End PBXProject section */

/* Begin PBXResourcesBuildPhase section */
		26AF94721D6C209F0033DCBB /* Resources */ = {
			isa = PBXResourcesBuildPhase;
			buildActionMask = 2147483647;
			files = (
				26AF94871D6C209F0033DCBB /* LaunchScreen.storyboard in Resources */,
				26AF94841D6C209F0033DCBB /* Assets.xcassets in Resources */,
				26AF94821D6C209F0033DCBB /* Main.storyboard in Resources */,
			);
			runOnlyForDeploymentPostprocessing = 0;
		};
/* End PBXResourcesBuildPhase section */

/* Begin PBXSourcesBuildPhase section */
		26AF94701D6C209F0033DCBB /* Sources */ = {
			isa = PBXSourcesBuildPhase;
			buildActionMask = 2147483647;
			files = (
				26AF947F1D6C209F0033DCBB /* ViewController.m in Sources */,
				26AF94901D6C33B20033DCBB /* TestJSObject.m in Sources */,
				26AF947C1D6C209F0033DCBB /* AppDelegate.m in Sources */,
				26AF94791D6C209F0033DCBB /* main.m in Sources */,
			);
			runOnlyForDeploymentPostprocessing = 0;
		};
/* End PBXSourcesBuildPhase section */

/* Begin PBXVariantGroup section */
		26AF94801D6C209F0033DCBB /* Main.storyboard */ = {
			isa = PBXVariantGroup;
			children = (
				26AF94811D6C209F0033DCBB /* Base */,
			);
			name = Main.storyboard;
			sourceTree = "<group>";
		};
		26AF94851D6C209F0033DCBB /* LaunchScreen.storyboard */ = {
			isa = PBXVariantGroup;
			children = (
				26AF94861D6C209F0033DCBB /* Base */,
			);
			name = LaunchScreen.storyboard;
			sourceTree = "<group>";
		};
/* End PBXVariantGroup section */

/* Begin XCBuildConfiguration section */
		26AF94891D6C209F0033DCBB /* Debug */ = {
			isa = XCBuildConfiguration;
			buildSettings = {
				ALWAYS_SEARCH_USER_PATHS = NO;
				CLANG_CXX_LANGUAGE_STANDARD = "gnu++0x";
				CLANG_CXX_LIBRARY = "libc++";
				CLANG_ENABLE_MODULES = YES;
				CLANG_ENABLE_OBJC_ARC = YES;
				CLANG_WARN_BOOL_CONVERSION = YES;
				CLANG_WARN_CONSTANT_CONVERSION = YES;
				CLANG_WARN_DIRECT_OBJC_ISA_USAGE = YES_ERROR;
				CLANG_WARN_EMPTY_BODY = YES;
				CLANG_WARN_ENUM_CONVERSION = YES;
				CLANG_WARN_INT_CONVERSION = YES;
				CLANG_WARN_OBJC_ROOT_CLASS = YES_ERROR;
				CLANG_WARN_UNREACHABLE_CODE = YES;
				CLANG_WARN__DUPLICATE_METHOD_MATCH = YES;
				"CODE_SIGN_IDENTITY[sdk=iphoneos*]" = "iPhone Developer";
				COPY_PHASE_STRIP = NO;
				DEBUG_INFORMATION_FORMAT = dwarf;
				ENABLE_STRICT_OBJC_MSGSEND = YES;
				ENABLE_TESTABILITY = YES;
				GCC_C_LANGUAGE_STANDARD = gnu99;
				GCC_DYNAMIC_NO_PIC = NO;
				GCC_NO_COMMON_BLOCKS = YES;
				GCC_OPTIMIZATION_LEVEL = 0;
				GCC_PREPROCESSOR_DEFINITIONS = (
					"DEBUG=1",
					"$(inherited)",
				);
				GCC_WARN_64_TO_32_BIT_CONVERSION = YES;
				GCC_WARN_ABOUT_RETURN_TYPE = YES_ERROR;
				GCC_WARN_UNDECLARED_SELECTOR = YES;
				GCC_WARN_UNINITIALIZED_AUTOS = YES_AGGRESSIVE;
				GCC_WARN_UNUSED_FUNCTION = YES;
				GCC_WARN_UNUSED_VARIABLE = YES;
				IPHONEOS_DEPLOYMENT_TARGET = 9.2;
				MTL_ENABLE_DEBUG_INFO = YES;
				ONLY_ACTIVE_ARCH = YES;
				SDKROOT = iphoneos;
				TARGETED_DEVICE_FAMILY = "1,2";
			};
			name = Debug;
		};
		26AF948A1D6C209F0033DCBB /* Release */ = {
			isa = XCBuildConfiguration;
			buildSettings = {
				ALWAYS_SEARCH_USER_PATHS = NO;
				CLANG_CXX_LANGUAGE_STANDARD = "gnu++0x";
				CLANG_CXX_LIBRARY = "libc++";
				CLANG_ENABLE_MODULES = YES;
				CLANG_ENABLE_OBJC_ARC = YES;
				CLANG_WARN_BOOL_CONVERSION = YES;
				CLANG_WARN_CONSTANT_CONVERSION = YES;
				CLANG_WARN_DIRECT_OBJC_ISA_USAGE = YES_ERROR;
				CLANG_WARN_EMPTY_BODY = YES;
				CLANG_WARN_ENUM_CONVERSION = YES;
				CLANG_WARN_INT_CONVERSION = YES;
				CLANG_WARN_OBJC_ROOT_CLASS = YES_ERROR;
				CLANG_WARN_UNREACHABLE_CODE = YES;
				CLANG_WARN__DUPLICATE_METHOD_MATCH = YES;
				"CODE_SIGN_IDENTITY[sdk=iphoneos*]" = "iPhone Developer";
				COPY_PHASE_STRIP = NO;
				DEBUG_INFORMATION_FORMAT = "dwarf-with-dsym";
				ENABLE_NS_ASSERTIONS = NO;
				ENABLE_STRICT_OBJC_MSGSEND = YES;
				GCC_C_LANGUAGE_STANDARD = gnu99;
				GCC_NO_COMMON_BLOCKS = YES;
				GCC_WARN_64_TO_32_BIT_CONVERSION = YES;
				GCC_WARN_ABOUT_RETURN_TYPE = YES_ERROR;
				GCC_WARN_UNDECLARED_SELECTOR = YES;
				GCC_WARN_UNINITIALIZED_AUTOS = YES_AGGRESSIVE;
				GCC_WARN_UNUSED_FUNCTION = YES;
				GCC_WARN_UNUSED_VARIABLE = YES;
				IPHONEOS_DEPLOYMENT_TARGET = 9.2;
				MTL_ENABLE_DEBUG_INFO = NO;
				SDKROOT = iphoneos;
				TARGETED_DEVICE_FAMILY = "1,2";
				VALIDATE_PRODUCT = YES;
			};
			name = Release;
		};
		26AF948C1D6C209F0033DCBB /* Debug */ = {
			isa = XCBuildConfiguration;
			buildSettings = {
				ASSETCATALOG_COMPILER_APPICON_NAME = AppIcon;
				INFOPLIST_FILE = "JS-OC-About/Info.plist";
				IPHONEOS_DEPLOYMENT_TARGET = 8.0;
				LD_RUNPATH_SEARCH_PATHS = "$(inherited) @executable_path/Frameworks";
				PRODUCT_BUNDLE_IDENTIFIER = "eliteall.com.JS-OC-About";
				PRODUCT_NAME = "$(TARGET_NAME)";
			};
			name = Debug;
		};
		26AF948D1D6C209F0033DCBB /* Release */ = {
			isa = XCBuildConfiguration;
			buildSettings = {
				ASSETCATALOG_COMPILER_APPICON_NAME = AppIcon;
				INFOPLIST_FILE = "JS-OC-About/Info.plist";
				IPHONEOS_DEPLOYMENT_TARGET = 8.0;
				LD_RUNPATH_SEARCH_PATHS = "$(inherited) @executable_path/Frameworks";
				PRODUCT_BUNDLE_IDENTIFIER = "eliteall.com.JS-OC-About";
				PRODUCT_NAME = "$(TARGET_NAME)";
			};
			name = Release;
		};
/* End XCBuildConfiguration section */

/* Begin XCConfigurationList section */
		26AF946F1D6C209F0033DCBB /* Build configuration list for PBXProject "JS-OC-About" */ = {
			isa = XCConfigurationList;
			buildConfigurations = (
				26AF94891D6C209F0033DCBB /* Debug */,
				26AF948A1D6C209F0033DCBB /* Release */,
			);
			defaultConfigurationIsVisible = 0;
			defaultConfigurationName = Release;
		};
		26AF948B1D6C209F0033DCBB /* Build configuration list for PBXNativeTarget "JS-OC-About" */ = {
			isa = XCConfigurationList;
			buildConfigurations = (
				26AF948C1D6C209F0033DCBB /* Debug */,
				26AF948D1D6C209F0033DCBB /* Release */,
			);
			defaultConfigurationIsVisible = 0;
		};
/* End XCConfigurationList section */
	};
	rootObject = 26AF946C1D6C209F0033DCBB /* Project object */;
}
